version = 1
revision = 3
requires-python = ">=3.13"

[[package]]
name = "claude-slack-bot"
version = "0.1.0"
source = { virtual = "." }
dependencies = [
    { name = "slack-bolt" },
]

[package.metadata]
requires-dist = [{ name = "slack-bolt", specifier = ">=1.28.0" }]

[[package]]
name = "slack-bolt"
version = "1.28.0"
source = { registry = "https://pypi.org/simple" }
dependencies = [
    { name = "slack-sdk" },
]
sdist = { url = "https://files.pythonhosted.org/packages/5c/97/a62dde97e84027b252807f2044bed2edcda2d063a5cb0c535fb2be8d9b5d/slack_bolt-1.28.0.tar.gz", hash = "sha256:bfe367d867e8fb157a057248ebd4ac2d7f43acac6d0700fa31381db1e10f3b0f", size = 130768, upload-time = "2026-04-06T23:24:59.936Z" }
wheels = [
    { url = "https://files.pythonhosted.org/packages/81/a9/697b6a92c728f09d5ef6b8e83dc6c8a87bc6d59499b2933ed067f11b7e30/slack_bolt-1.28.0-py2.py3-none-any.whl", hash = "sha256:738d1ca5e7c7039b6e18103d29267ced6e18c2517053eff18991fdd593acce5c", size = 234819, upload-time = "2026-04-06T23:24:58.278Z" },
]

[[package]]
name = "slack-sdk"
version = "3.42.0"
source = { registry = "https://pypi.org/simple" }
sdist = { url = "https://files.pythonhosted.org/packages/0e/00/16258bfa547559b2c936b50c882b4f0a36ebf6b69639eb763d8fa5e8d6cb/slack_sdk-3.42.0.tar.gz", hash = "sha256:873db9e1f632ac650ffdbf9d8ba825f3e9e7e576a1e4f9604ccb2a15b3727e3d", size = 252136, upload-time = "2026-05-18T17:50:44.727Z" }
wheels = [
    { url = "https://files.pythonhosted.org/packages/ce/ef/8a1556bd4843443993fc116783790a7cc553601a37f7d965ec26eef95e76/slack_sdk-3.42.0-py2.py3-none-any.whl", hash = "sha256:eb39aff97e476e10cc5a8ac29bd2e79a9959e880d9fe0c03b4e8f05b2ac996ff", size = 315469, upload-time = "2026-05-18T17:50:41.972Z" },
]
